[[package]]
name = "asgiref"
version = "3.8.1"
description = "ASGI specs, helper code, and adapters"
category = "main"
optional = false
python-versions = ">=3.8"

[package.dependencies]
typing-extensions = {version = ">=4", markers = "python_version < \"3.11\""}

[package.extras]
tests = ["pytest", "pytest-asyncio", "mypy (>=0.800)"]

[[package]]
name = "catboost"
version = "1.2.7"
description = "CatBoost Python Package"
category = "main"
optional = false
python-versions = "*"

[package.dependencies]
graphviz = "*"
matplotlib = "*"
numpy = ">=1.16.0,<2.0"
pandas = ">=0.24"
plotly = "*"
scipy = "*"
six = "*"

[package.extras]
widget = ["traitlets", "ipython", "ipywidgets (>=7.0,<9.0)"]

[[package]]
name = "contourpy"
version = "1.3.0"
description = "Python library for calculating contours of 2D quadrilateral grids"
category = "main"
optional = false
python-versions = ">=3.9"

[package.dependencies]
numpy = ">=1.23"

[package.extras]
docs = ["furo", "sphinx (>=7.2)", "sphinx-copybutton"]
bokeh = ["bokeh", "selenium"]
mypy = ["contourpy", "docutils-stubs", "mypy (==1.11.1)", "types-pillow"]
test = ["contourpy", "matplotlib", "pillow"]
test-no-images = ["pytest", "pytest-cov", "pytest-rerunfailures", "pytest-xdist", "wurlitzer"]

[[package]]
name = "cycler"
version = "0.12.1"
description = "Composable style cycles"
category = "main"
optional = false
python-versions = ">=3.8"

[package.extras]
docs = ["ipython", "matplotlib", "numpydoc", "sphinx"]
tests = ["pytest", "pytest-cov", "pytest-xdist"]

[[package]]
name = "dj-database-url"
version = "2.2.0"
description = "Use Database URLs in your Django Application."
category = "main"
optional = false
python-versions = "*"

[package.dependencies]
Django = ">=3.2"
typing_extensions = ">=3.10.0.0"

[[package]]
name = "django"
version = "5.1.2"
description = "A high-level Python web framework that encourages rapid development and clean, pragmatic design."
category = "main"
optional = false
python-versions = ">=3.10"

[package.dependencies]
asgiref = ">=3.8.1,<4"
sqlparse = ">=0.3.1"
tzdata = {version = "*", markers = "sys_platform == \"win32\""}

[package.extras]
argon2 = ["argon2-cffi (>=19.1.0)"]
bcrypt = ["bcrypt"]

[[package]]
name = "fonttools"
version = "4.54.1"
description = "Tools to manipulate font files"
category = "main"
optional = false
python-versions = ">=3.8"

[package.extras]
all = ["fs (>=2.2.0,<3)", "lxml (>=4.0)", "zopfli (>=0.1.4)", "lz4 (>=1.7.4.2)", "pycairo", "matplotlib", "sympy", "skia-pathops (>=0.5.0)", "uharfbuzz (>=0.23.0)", "brotlicffi (>=0.8.0)", "scipy", "brotli (>=1.0.1)", "munkres", "unicodedata2 (>=15.1.0)", "xattr"]
graphite = ["lz4 (>=1.7.4.2)"]
interpolatable = ["pycairo", "scipy", "munkres"]
lxml = ["lxml (>=4.0)"]
pathops = ["skia-pathops (>=0.5.0)"]
plot = ["matplotlib"]
repacker = ["uharfbuzz (>=0.23.0)"]
symfont = ["sympy"]
type1 = ["xattr"]
ufo = ["fs (>=2.2.0,<3)"]
unicode = ["unicodedata2 (>=15.1.0)"]
woff = ["zopfli (>=0.1.4)", "brotlicffi (>=0.8.0)", "brotli (>=1.0.1)"]

[[package]]
name = "graphviz"
version = "0.20.3"
description = "Simple Python interface for Graphviz"
category = "main"
optional = false
python-versions = ">=3.8"

[package.extras]
dev = ["tox (>=3)", "flake8", "pep8-naming", "wheel", "twine"]
docs = ["sphinx (>=5,<7)", "sphinx-autodoc-typehints", "sphinx-rtd-theme"]
test = ["pytest (>=7,<8.1)", "pytest-mock (>=3)", "pytest-cov", "coverage"]

[[package]]
name = "gunicorn"
version = "23.0.0"
description = "WSGI HTTP Server for UNIX"
category = "main"
optional = false
python-versions = ">=3.7"

[package.dependencies]
packaging = "*"

[package.extras]
eventlet = ["eventlet (>=0.24.1,!=0.36.0)"]
gevent = ["gevent (>=1.4.0)"]
setproctitle = ["setproctitle"]
testing = ["gevent", "eventlet", "coverage", "pytest", "pytest-cov"]
tornado = ["tornado (>=0.2)"]

[[package]]
name = "joblib"
version = "1.4.2"
description = "Lightweight pipelining with Python functions"
category = "main"
optional = false
python-versions = ">=3.8"

[[package]]
name = "kiwisolver"
version = "1.4.7"
description = "A fast implementation of the Cassowary constraint solver"
category = "main"
optional = false
python-versions = ">=3.8"

[[package]]
name = "matplotlib"
version = "3.9.2"
description = "Python plotting package"
category = "main"
optional = false
python-versions = ">=3.9"

[package.dependencies]
contourpy = ">=1.0.1"
cycler = ">=0.10"
fonttools = ">=4.22.0"
kiwisolver = ">=1.3.1"
numpy = ">=1.23"
packaging = ">=20.0"
pillow = ">=8"
pyparsing = ">=2.3.1"
python-dateutil = ">=2.7"

[package.extras]
dev = ["meson-python (>=0.13.1)", "numpy (>=1.25)", "pybind11 (>=2.6)", "setuptools_scm (>=7)", "setuptools (>=64)"]

[[package]]
name = "numpy"
version = "1.26.4"
description = "Fundamental package for array computing in Python"
category = "main"
optional = false
python-versions = ">=3.9"

[[package]]
name = "packaging"
version = "24.1"
description = "Core utilities for Python packages"
category = "main"
optional = false
python-versions = ">=3.8"

[[package]]
name = "pandas"
version = "2.2.3"
description = "Powerful data structures for data analysis, time series, and statistics"
category = "main"
optional = false
python-versions = ">=3.9"

[package.dependencies]
numpy = [
    {version = ">=1.22.4", markers = "python_version < \"3.11\""},
    {version = ">=1.23.2", markers = "python_version == \"3.11\""},
    {version = ">=1.26.0", markers = "python_version >= \"3.12\""},
]
python-dateutil = ">=2.8.2"
pytz = ">=2020.1"
tzdata = ">=2022.7"

[package.extras]
test = ["hypothesis (>=6.46.1)", "pytest (>=7.3.2)", "pytest-xdist (>=2.2.0)"]
pyarrow = ["pyarrow (>=10.0.1)"]
performance = ["bottleneck (>=1.3.6)", "numba (>=0.56.4)", "numexpr (>=2.8.4)"]
computation = ["scipy (>=1.10.0)", "xarray (>=2022.12.0)"]
fss = ["fsspec (>=2022.11.0)"]
aws = ["s3fs (>=2022.11.0)"]
gcp = ["gcsfs (>=2022.11.0)", "pandas-gbq (>=0.19.0)"]
excel = ["odfpy (>=1.4.1)", "openpyxl (>=3.1.0)", "python-calamine (>=0.1.7)", "pyxlsb (>=1.0.10)", "xlrd (>=2.0.1)", "xlsxwriter (>=3.0.5)"]
parquet = ["pyarrow (>=10.0.1)"]
feather = ["pyarrow (>=10.0.1)"]
hdf5 = ["tables (>=3.8.0)"]
spss = ["pyreadstat (>=1.2.0)"]
postgresql = ["SQLAlchemy (>=2.0.0)", "psycopg2 (>=2.9.6)", "adbc-driver-postgresql (>=0.8.0)"]
mysql = ["SQLAlchemy (>=2.0.0)", "pymysql (>=1.0.2)"]
sql-other = ["SQLAlchemy (>=2.0.0)", "adbc-driver-postgresql (>=0.8.0)", "adbc-driver-sqlite (>=0.8.0)"]
html = ["beautifulsoup4 (>=4.11.2)", "html5lib (>=1.1)", "lxml (>=4.9.2)"]
xml = ["lxml (>=4.9.2)"]
plot = ["matplotlib (>=3.6.3)"]
output-formatting = ["jinja2 (>=3.1.2)", "tabulate (>=0.9.0)"]
clipboard = ["PyQt5 (>=5.15.9)", "qtpy (>=2.3.0)"]
compression = ["zstandard (>=0.19.0)"]
consortium-standard = ["dataframe-api-compat (>=0.1.7)"]
all = ["adbc-driver-postgresql (>=0.8.0)", "adbc-driver-sqlite (>=0.8.0)", "beautifulsoup4 (>=4.11.2)", "bottleneck (>=1.3.6)", "dataframe-api-compat (>=0.1.7)", "fastparquet (>=2022.12.0)", "fsspec (>=2022.11.0)", "gcsfs (>=2022.11.0)", "html5lib (>=1.1)", "hypothesis (>=6.46.1)", "jinja2 (>=3.1.2)", "lxml (>=4.9.2)", "matplotlib (>=3.6.3)", "numba (>=0.56.4)", "numexpr (>=2.8.4)", "odfpy (>=1.4.1)", "openpyxl (>=3.1.0)", "pandas-gbq (>=0.19.0)", "psycopg2 (>=2.9.6)", "pyarrow (>=10.0.1)", "pymysql (>=1.0.2)", "PyQt5 (>=5.15.9)", "pyreadstat (>=1.2.0)", "pytest (>=7.3.2)", "pytest-xdist (>=2.2.0)", "python-calamine (>=0.1.7)", "pyxlsb (>=1.0.10)", "qtpy (>=2.3.0)", "scipy (>=1.10.0)", "s3fs (>=2022.11.0)", "SQLAlchemy (>=2.0.0)", "tables (>=3.8.0)", "tabulate (>=0.9.0)", "xarray (>=2022.12.0)", "xlrd (>=2.0.1)", "xlsxwriter (>=3.0.5)", "zstandard (>=0.19.0)"]

[[package]]
name = "pillow"
version = "11.0.0"
description = "Python Imaging Library (Fork)"
category = "main"
optional = false
python-versions = ">=3.9"

[package.extras]
docs = ["furo", "olefile", "sphinx (>=8.1)", "sphinx-copybutton", "sphinx-inline-tabs", "sphinxext-opengraph"]
fpx = ["olefile"]
mic = ["olefile"]
tests = ["check-manifest", "coverage", "defusedxml", "markdown2", "olefile", "packaging", "pyroma", "pytest", "pytest-cov", "pytest-timeout"]
typing = ["typing-extensions"]
xmp = ["defusedxml"]

[[package]]
name = "plotly"
version = "5.24.1"
description = "An open-source, interactive data visualization library for Python"
category = "main"
optional = false
python-versions = ">=3.8"

[package.dependencies]
packaging = "*"
tenacity = ">=6.2.0"

[[package]]
name = "psycopg2-binary"
version = "2.9.9"
description = "psycopg2 - Python-PostgreSQL Database Adapter"
category = "main"
optional = false
python-versions = ">=3.7"

[[package]]
name = "pyparsing"
version = "3.2.0"
description = "pyparsing module - Classes and methods to define and execute parsing grammars"
category = "main"
optional = false
python-versions = ">=3.9"

[package.extras]
diagrams = ["railroad-diagrams", "jinja2"]

[[package]]
name = "python-dateutil"
version = "2.9.0.post0"
description = "Extensions to the standard Python datetime module"
category = "main"
optional = false
python-versions = "!=3.0.*,!=3.1.*,!=3.2.*,>=2.7"

[package.dependencies]
six = ">=1.5"

[[package]]
name = "pytz"
version = "2024.2"
description = "World timezone definitions, modern and historical"
category = "main"
optional = false
python-versions = "*"

[[package]]
name = "scikit-learn"
version = "1.5.2"
description = "A set of python modules for machine learning and data mining"
category = "main"
optional = false
python-versions = ">=3.9"

[package.dependencies]
joblib = ">=1.2.0"
numpy = ">=1.19.5"
scipy = ">=1.6.0"
threadpoolctl = ">=3.1.0"

[package.extras]
build = ["numpy (>=1.19.5)", "scipy (>=1.6.0)", "cython (>=3.0.10)", "meson-python (>=0.16.0)"]
install = ["numpy (>=1.19.5)", "scipy (>=1.6.0)", "joblib (>=1.2.0)", "threadpoolctl (>=3.1.0)"]
benchmark = ["matplotlib (>=3.3.4)", "pandas (>=1.1.5)", "memory_profiler (>=0.57.0)"]
docs = ["matplotlib (>=3.3.4)", "scikit-image (>=0.17.2)", "pandas (>=1.1.5)", "seaborn (>=0.9.0)", "memory_profiler (>=0.57.0)", "sphinx (>=7.3.7)", "sphinx-copybutton (>=0.5.2)", "sphinx-gallery (>=0.16.0)", "numpydoc (>=1.2.0)", "Pillow (>=7.1.2)", "pooch (>=1.6.0)", "sphinx-prompt (>=1.4.0)", "sphinxext-opengraph (>=0.9.1)", "plotly (>=5.14.0)", "polars (>=0.20.30)", "sphinx-design (>=0.5.0)", "sphinx-design (>=0.6.0)", "sphinxcontrib-sass (>=0.3.4)", "pydata-sphinx-theme (>=0.15.3)", "sphinx-remove-toctrees (>=1.0.0.post1)"]
examples = ["matplotlib (>=3.3.4)", "scikit-image (>=0.17.2)", "pandas (>=1.1.5)", "seaborn (>=0.9.0)", "pooch (>=1.6.0)", "plotly (>=5.14.0)"]
tests = ["matplotlib (>=3.3.4)", "scikit-image (>=0.17.2)", "pandas (>=1.1.5)", "pytest (>=7.1.2)", "pytest-cov (>=2.9.0)", "ruff (>=0.2.1)", "black (>=24.3.0)", "mypy (>=1.9)", "pyamg (>=4.0.0)", "polars (>=0.20.30)", "pyarrow (>=12.0.0)", "numpydoc (>=1.2.0)", "pooch (>=1.6.0)"]
maintenance = ["conda-lock (==2.5.6)"]

[[package]]
name = "scipy"
version = "1.14.1"
description = "Fundamental algorithms for scientific computing in Python"
category = "main"
optional = false
python-versions = ">=3.10"

[package.dependencies]
numpy = ">=1.23.5,<2.3"

[package.extras]
test = ["pytest", "pytest-cov", "pytest-timeout", "pytest-xdist", "asv", "mpmath", "gmpy2", "threadpoolctl", "scikit-umfpack", "pooch", "hypothesis (>=6.30)", "array-api-strict (>=2.0)", "cython", "meson", "ninja"]
doc = ["sphinx (>=5.0.0,<=7.3.7)", "pydata-sphinx-theme (>=0.15.2)", "sphinx-design (>=0.4.0)", "matplotlib (>=3.5)", "numpydoc", "jupytext", "myst-nb", "pooch", "jupyterlite-sphinx (>=0.13.1)", "jupyterlite-pyodide-kernel"]
dev = ["mypy (==1.10.0)", "typing-extensions", "types-psutil", "pycodestyle", "ruff (>=0.0.292)", "cython-lint (>=0.12.2)", "rich-click", "doit (>=0.36.0)", "pydevtool"]

[[package]]
name = "six"
version = "1.16.0"
description = "Python 2 and 3 compatibility utilities"
category = "main"
optional = false
python-versions = ">=2.7, !=3.0.*, !=3.1.*, !=3.2.*"

[[package]]
name = "sqlparse"
version = "0.5.1"
description = "A non-validating SQL parser."
category = "main"
optional = false
python-versions = ">=3.8"

[package.extras]
dev = ["build", "hatch"]
doc = ["sphinx"]

[[package]]
name = "tenacity"
version = "9.0.0"
description = "Retry code until it succeeds"
category = "main"
optional = false
python-versions = ">=3.8"

[package.extras]
doc = ["reno", "sphinx"]
test = ["pytest", "tornado (>=4.5)", "typeguard"]

[[package]]
name = "threadpoolctl"
version = "3.5.0"
description = "threadpoolctl"
category = "main"
optional = false
python-versions = ">=3.8"

[[package]]
name = "typing-extensions"
version = "4.12.2"
description = "Backported and Experimental Type Hints for Python 3.8+"
category = "main"
optional = false
python-versions = ">=3.8"

[[package]]
name = "tzdata"
version = "2024.2"
description = "Provider of IANA time zone data"
category = "main"
optional = false
python-versions = ">=2"

[[package]]
name = "whitenoise"
version = "6.7.0"
description = "Radically simplified static file serving for WSGI applications"
category = "main"
optional = false
python-versions = ">=3.8"

[package.extras]
brotli = ["brotli"]

[metadata]
lock-version = "1.1"
python-versions = "^3.10"
content-hash = "231419d20a2ac4f65b7dfabb3728e76e68799b725e90a90a68643d9a1085cc67"

[metadata.files]
asgiref = []
catboost = []
contourpy = []
cycler = []
dj-database-url = []
django = []
fonttools = []
graphviz = []
gunicorn = []
joblib = []
kiwisolver = []
matplotlib = []
numpy = []
packaging = []
pandas = []
pillow = []
plotly = []
psycopg2-binary = []
pyparsing = []
python-dateutil = []
pytz = []
scikit-learn = []
scipy = []
six = []
sqlparse = []
tenacity = []
threadpoolctl = []
typing-extensions = []
tzdata = []
whitenoise = []
